<Project xmlns="http://schemas.microsoft.com/developer/msbuild/2003">
    <PropertyGroup>
        <ProjectGuid>{8AB0C114-86A3-44EF-AFBA-6906EBE5A4B5}</ProjectGuid>
        <ProjectVersion>18.8</ProjectVersion>
        <FrameworkType>VCL</FrameworkType>
        <MainSource>ProvaDelphiApp.dpr</MainSource>
        <Base>True</Base>
        <Config Condition="'$(Config)'==''">Debug</Config>
        <Platform Condition="'$(Platform)'==''">Win32</Platform>
        <TargetedPlatforms>1</TargetedPlatforms>
        <AppType>Application</AppType>
    </PropertyGroup>
    <PropertyGroup Condition="'$(Config)'=='Base' or '$(Base)'!=''">
        <Base>true</Base>
    </PropertyGroup>
    <PropertyGroup Condition="('$(Platform)'=='Win32' and '$(Base)'=='true') or '$(Base_Win32)'!=''">
        <Base_Win32>true</Base_Win32>
        <CfgParent>Base</CfgParent>
        <Base>true</Base>
    </PropertyGroup>
    <PropertyGroup Condition="'$(Config)'=='Debug' or '$(Cfg_1)'!=''">
        <Cfg_1>true</Cfg_1>
        <CfgParent>Base</CfgParent>
        <Base>true</Base>
    </PropertyGroup>
    <PropertyGroup Condition="('$(Platform)'=='Win32' and '$(Cfg_1)'=='true') or '$(Cfg_1_Win32)'!=''">
        <Cfg_1_Win32>true</Cfg_1_Win32>
        <CfgParent>Cfg_1</CfgParent>
        <Cfg_1>true</Cfg_1>
        <Base>true</Base>
    </PropertyGroup>
    <PropertyGroup Condition="'$(Config)'=='Release' or '$(Cfg_2)'!=''">
        <Cfg_2>true</Cfg_2>
        <CfgParent>Base</CfgParent>
        <Base>true</Base>
    </PropertyGroup>
    <PropertyGroup Condition="'$(Base)'!=''">
        <DCC_Namespace>System;Xml;Data;Datasnap;Web;Soap;Vcl;Vcl.Imaging;Vcl.Touch;Vcl.Samples;Vcl.Shell;$(DCC_Namespace)</DCC_Namespace>
        <Icon_MainIcon>$(BDS)\bin\delphi_PROJECTICON.ico</Icon_MainIcon>
        <SanitizedProjectName>ProvaDelphiApp</SanitizedProjectName>
        <DCC_DcuOutput>.\$(Platform)\$(Config)</DCC_DcuOutput>
        <DCC_ExeOutput>.\$(Platform)\$(Config)</DCC_ExeOutput>
        <DCC_E>false</DCC_E>
        <DCC_N>false</DCC_N>
        <DCC_S>false</DCC_S>
        <DCC_F>false</DCC_F>
        <DCC_K>false</DCC_K>
        <DCC_BplOutput>C:\Users\jeferson.apolonio\Desktop\Projeto\Bin\</DCC_BplOutput>
    </PropertyGroup>
    <PropertyGroup Condition="'$(Base_Win32)'!=''">
        <DCC_UsePackage>cxSchedulerTreeBrowserRS20;frxe20;dxSkinOffice2007SilverRS20;cxGridRS20;dxFireDACServerModeRS20;dxPSdxLCLnkRS20;dxPScxExtCommonRS20;cxPageControlRS20;dxPSdxSpreadSheetLnkRS20;FireDACPgDriver;ACBr_GNRE;dclRBADO1520;DBXInterBaseDriver;DataSnapServer;DataSnapCommon;GR32_DSGN_RSXE5;ACBre_Social;ACBr_BlocoX;ACBr_synapse;dxSkinsdxBarPainterRS20;dxSkinSharpRS20;DbxCommonDriver;dxLayoutControlRS20;vclimg;dxSkinSilverRS20;dxSkinsdxNavBarPainterRS20;dbxcds;dclRBIBE1520;DatasnapConnectorsFreePascal;ACBr_Comum;dxPSCoreRS20;dxSkinOffice2013LightGrayRS20;vcldb;dxPSTeeChartRS20;ACBr_SATExtratoESCPOS;dxSkinOffice2013WhiteRS20;rbRCL1520;dxSkinMcSkinRS20;rbFireDAC1520;CustomIPTransport;rbDIDE1520;dsnap;IndyIPServer;dxSkinCoffeeRS20;dxSkinGlassOceansRS20;IndyCore;dxSkinOffice2010SilverRS20;ACBr_MDFe;dxComnRS20;CloudService;dxFlowChartRS20;dxSkinOffice2013DarkGrayRS20;dxSkinOffice2007PinkRS20;FireDACIBDriver;dxDBXServerModeRS20;cxTreeListdxBarPopupMenuRS20;dxSkinSpringTimeRS20;FmxTeeUI;ACBr_SAT;dxPsPrVwAdvRS20;dxSkiniMaginaryRS20;dxPScxGridLnkRS20;dxSkinDevExpressDarkStyleRS20;cxSchedulerGridRS20;dxtrmdRS20;dsnapxml;ACBr_Ponto;dxSpreadSheetRS20;FireDACDb2Driver;dxSkinMoneyTwinsRS20;ACBR_DeSTDA;dxSkinOffice2007GreenRS20;dxPScxTLLnkRS20;cxPivotGridOLAPRS20;dxPSdxFCLnkRS20;cetoolspkgdXE6;rbBDE1520;ACBr_SEF2;bindcompfmx;frx20;ACBr_PAF;vcldbx;rbDBE1520;FireDACODBCDriver;RESTBackendComponents;rbRAP1520;dbrtl;FireDACCommon;bindcomp;inetdb;ACBr_NFe;DBXOdbcDriver;vclFireDAC;xmlrtl;ibxpress;rbDBDE1520;dxSkinOffice2007BlackRS20;FireDACCommonDriver;bindengine;vclactnband;soaprtl;FMXTee;dxGDIPlusRS20;bindcompvcl;ACBr_BPe;vclie;cxVerticalGridRS20;cxSchedulerRS20;PckVNCClient;ACBr_Integrador;ACBr_TEFD;dxSkinBlackRS20;dclRBE1520;dclRBDBE1520;FireDACMSSQLDriver;DBXInformixDriver;dxSkinSummer2008RS20;Intraweb;cxBarEditItemRS20;DataSnapServerMidas;dsnapcon;DBXFirebirdDriver;inet;dxBarRS20;cxDataRS20;dxSkinDarkSideRS20;FireDACMySQLDriver;soapmidas;vclx;dxPScxVGridLnkRS20;dxSkinLondonLiquidSkyRS20;rbTC1520;dxCoreRS20;DBXSybaseASADriver;ACBr_SPEDImportar;RESTComponents;dxPSPrVwRibbonRS20;dbexpress;dxPSLnksRS20;IndyIPClient;dxSpellCheckerRS20;dxBarExtItemsRS20;ACBr_Convenio115;dxdbtrRS20;FireDACSqliteDriver;FireDACDSDriver;cxSchedulerRibbonStyleEventEditorRS20;DBXSqliteDriver;fmx;dxSkinVS2010RS20;dxPScxPCProdRS20;IndySystem;dxSkinXmas2008BlueRS20;TeeDB;tethering;rbDAD1520;DCEF_XE6;ACBr_Diversos;PkgFCBI;inetdbbde;vclib;DataSnapClient;dxTabbedMDIRS20;ACBr_NFeDanfeESCPOS;dxmdsRS20;DataSnapProviderClient;DBXSybaseASEDriver;dxdborRS20;dxPSdxDBTVLnkRS20;MetropolisUILiveTile;dxSkinCaramelRS20;dxPScxSchedulerLnkRS20;dxSkinLiquidSkyRS20;rbIDE1520;rbRIDE1520;vcldsnap;dxGaugeControlRS20;rbDB1520;dxSkinDevExpressStyleRS20;fmxFireDAC;cxPivotGridChartRS20;DBXDb2Driver;DBXOracleDriver;dxSkinOffice2010BlueRS20;ACBr_Serial;vclribbon;cxExportRS20;dxServerModeRS20;dxSkinscxSchedulerPainterRS20;ACBr_SPED;dxSkinMetropolisDarkRS20;fmxase;vcl;ACBr_DFeComum;DBXMSSQLDriver;IndyIPCommon;CodeSiteExpressPkg;dxSkinBlueRS20;dxSkinsdxDLPainterRS20;DataSnapFireDAC;FireDACDBXDriver;dxBarExtDBItemsRS20;dxSkinOffice2010BlackRS20;soapserver;dxPSDBTeeChartRS20;ACBr_Sintegra;rbUSER1520;inetdbxpress;dxADOServerModeRS20;dxSkinBlueprintRS20;dxSkinFoggyRS20;dxSkinSharpPlusRS20;frxTee20;FireDACInfxDriver;ACBr_LFD;cxPivotGridRS20;ACBr_Boleto;ACBr_PCNComum;ACBr_NFSe;dclRBFireDAC1520;adortl;rbADO1520;frxDB20;ACBr_TCP;dxRibbonRS20;FireDACASADriver;dxSkinHighContrastRS20;dxSkinTheAsphaltWorldRS20;dxBarDBNavRS20;dxSkinscxPCPainterRS20;rtl;DbxClientDriver;dxSkinMetropolisRS20;dxNavBarRS20;dxDockingRS20;ACBr_MTER;Tee;dxSkinOffice2007BlueRS20;rbIBE1520;dxSkinsdxRibbonPainterRS20;ACBr_CTe;ACBr_ANe;dxSkinValentineRS20;dclRBBDE1520;ACBr_NFCeECFVirtual;DataSnapNativeClient;svnui;IndyProtocols;DBXMySQLDriver;dxPScxCommonRS20;dxSkinSevenClassicRS20;ScreenCap;dxSkinPumpkinRS20;bindcompdbx;TeeUI;rbTCUI1520;ACBr_OpenSSL;dxSkinDarkRoomRS20;FireDACADSDriver;vcltouch;dxSkinStardustRS20;cxEditorsRS20;ACBr_Reinf;dxorgcRS20;dxPSdxDBOCLnkRS20;ACBr_SATWS;VclSmp;FireDAC;VCLRESTComponents;dxSkinsCoreRS20;MediaPlayerActiveX;DataSnapConnectors;dxSkinSevenRS20;ACBr_SATECFVirtual;ACBr_TXTComum;rbCIDE1520;cxLibraryRS20;fmxobj;dxMapControlRS20;rbUSERDesign1520;GrFinger;svn;dxWizardControlRS20;dxSkinLilianRS20;FireDACOracleDriver;fmxdae;dxSkinWhiteprintRS20;dxPScxPivotGridLnkRS20;bdertl;dxThemeRS20;dxPSdxOCLnkRS20;cxTreeListRS20;dxTileControlRS20;FireDACMSAccDriver;DataSnapIndy10ServerTransport;$(DCC_UsePackage)</DCC_UsePackage>
        <Manifest_File>$(BDS)\bin\default_app.manifest</Manifest_File>
        <DCC_Namespace>Winapi;System.Win;Data.Win;Datasnap.Win;Web.Win;Soap.Win;Xml.Win;Bde;$(DCC_Namespace)</DCC_Namespace>
        <VerInfo_Keys>CompanyName=;FileVersion=1.0.0.0;InternalName=;LegalCopyright=;LegalTrademarks=;OriginalFilename=;ProductVersion=1.0.0.0;Comments=;ProgramID=com.embarcadero.$(MSBuildProjectName);FileDescription=$(MSBuildProjectName);ProductName=$(MSBuildProjectName)</VerInfo_Keys>
        <VerInfo_Locale>1033</VerInfo_Locale>
        <VerInfo_IncludeVerInfo>true</VerInfo_IncludeVerInfo>
        <AppEnableRuntimeThemes>true</AppEnableRuntimeThemes>
        <UWP_DelphiLogo44>$(BDS)\bin\Artwork\Windows\UWP\delphi_UwpDefault_44.png</UWP_DelphiLogo44>
        <UWP_DelphiLogo150>$(BDS)\bin\Artwork\Windows\UWP\delphi_UwpDefault_150.png</UWP_DelphiLogo150>
        <DCC_BplOutput>C:\Users\jeferson.apolonio\Desktop\Projeto\Bin\</DCC_BplOutput>
    </PropertyGroup>
    <PropertyGroup Condition="'$(Cfg_1)'!=''">
        <DCC_Define>DEBUG;$(DCC_Define)</DCC_Define>
        <DCC_DebugDCUs>true</DCC_DebugDCUs>
        <DCC_Optimize>false</DCC_Optimize>
        <DCC_GenerateStackFrames>true</DCC_GenerateStackFrames>
        <DCC_DebugInfoInExe>true</DCC_DebugInfoInExe>
        <DCC_RemoteDebug>true</DCC_RemoteDebug>
        <DCC_BplOutput>C:\Users\jeferson.apolonio\Desktop\Projeto\Bin\</DCC_BplOutput>
    </PropertyGroup>
    <PropertyGroup Condition="'$(Cfg_1_Win32)'!=''">
        <VerInfo_Locale>1033</VerInfo_Locale>
        <VerInfo_IncludeVerInfo>true</VerInfo_IncludeVerInfo>
        <DCC_RemoteDebug>false</DCC_RemoteDebug>
        <BT_BuildType>Debug</BT_BuildType>
        <AppEnableRuntimeThemes>true</AppEnableRuntimeThemes>
        <DCC_DcpOutput>.\Lib\</DCC_DcpOutput>
        <DCC_BplOutput>.\Bin\</DCC_BplOutput>
        <DCC_DcuOutput>.\Lib\</DCC_DcuOutput>
    </PropertyGroup>
    <PropertyGroup Condition="'$(Cfg_2)'!=''">
        <DCC_LocalDebugSymbols>false</DCC_LocalDebugSymbols>
        <DCC_Define>RELEASE;$(DCC_Define)</DCC_Define>
        <DCC_SymbolReferenceInfo>0</DCC_SymbolReferenceInfo>
        <DCC_DebugInformation>0</DCC_DebugInformation>
    </PropertyGroup>
    <ItemGroup>
        <DelphiCompile Include="$(MainSource)">
            <MainSource>MainSource</MainSource>
        </DelphiCompile>
        <DCCReference Include="ufrmPrincipal.pas">
            <Form>FrmPrincipal</Form>
            <FormType>dfm</FormType>
        </DCCReference>
        <DCCReference Include="ufTarefa1.pas">
            <Form>fTarefa1</Form>
            <FormType>dfm</FormType>
        </DCCReference>
        <DCCReference Include="ufTarefa2.pas">
            <Form>fTarefa2</Form>
            <FormType>dfm</FormType>
        </DCCReference>
        <DCCReference Include="ufTarefa3.pas">
            <Form>fTarefa3</Form>
            <FormType>dfm</FormType>
        </DCCReference>
        <DCCReference Include="Recurso.pas"/>
        <BuildConfiguration Include="Release">
            <Key>Cfg_2</Key>
            <CfgParent>Base</CfgParent>
        </BuildConfiguration>
        <BuildConfiguration Include="Base">
            <Key>Base</Key>
        </BuildConfiguration>
        <BuildConfiguration Include="Debug">
            <Key>Cfg_1</Key>
            <CfgParent>Base</CfgParent>
        </BuildConfiguration>
    </ItemGroup>
    <ProjectExtensions>
        <Borland.Personality>Delphi.Personality.12</Borland.Personality>
        <Borland.ProjectType/>
        <BorlandProject>
            <Delphi.Personality>
                <Source>
                    <Source Name="MainSource">ProvaDelphiApp.dpr</Source>
                </Source>
                <Excluded_Packages>
                    <Excluded_Packages Name="$(BDSBIN)\dcloffice2k260.bpl">Microsoft Office 2000 Sample Automation Server Wrapper Components</Excluded_Packages>
                    <Excluded_Packages Name="$(BDSBIN)\dclofficexp260.bpl">Microsoft Office XP Sample Automation Server Wrapper Components</Excluded_Packages>
                </Excluded_Packages>
            </Delphi.Personality>
            <Deployment Version="3">
                <DeployFile LocalName="Win32\Debug\ProvaDelphiApp.exe" Configuration="Debug" Class="ProjectOutput">
                    <Platform Name="Win32">
                        <RemoteName>ProvaDelphiApp.exe</RemoteName>
                        <Overwrite>true</Overwrite>
                    </Platform>
                </DeployFile>
                <DeployClass Name="AdditionalDebugSymbols">
                    <Platform Name="iOSSimulator">
                        <Operation>1</Operation>
                    </Platform>
                    <Platform Name="OSX32">
                        <RemoteDir>Contents\MacOS</RemoteDir>
                        <Operation>1</Operation>
                    </Platform>
                    <Platform Name="Win32">
                        <Operation>0</Operation>
                    </Platform>
                </DeployClass>
                <DeployClass Name="AndroidClassesDexFile">
                    <Platform Name="Android">
                        <RemoteDir>classes</RemoteDir>
                        <Operation>1</Operation>
                    </Platform>
                    <Platform Name="Android64">
                        <RemoteDir>classes</RemoteDir>
                        <Operation>1</Operation>
                    </Platform>
                </DeployClass>
                <DeployClass Name="AndroidFileProvider">
                    <Platform Name="Android">
                        <RemoteDir>res\xml</RemoteDir>
                        <Operation>1</Operation>
                    </Platform>
                    <Platform Name="Android64">
                        <RemoteDir>res\xml</RemoteDir>
                        <Operation>1</Operation>
                    </Platform>
                </DeployClass>
                <DeployClass Name="AndroidGDBServer">
                    <Platform Name="Android">
                        <RemoteDir>library\lib\armeabi-v7a</RemoteDir>
                        <Operation>1</Operation>
                    </Platform>
                </DeployClass>
                <DeployClass Name="AndroidLibnativeArmeabiFile">
                    <Platform Name="Android">
                        <RemoteDir>library\lib\armeabi</RemoteDir>
                        <Operation>1</Operation>
                    </Platform>
                    <Platform Name="Android64">
                        <RemoteDir>library\lib\armeabi</RemoteDir>
                        <Operation>1</Operation>
                    </Platform>
                </DeployClass>
                <DeployClass Name="AndroidLibnativeArmeabiv7aFile">
                    <Platform Name="Android64">
                        <RemoteDir>library\lib\armeabi-v7a</RemoteDir>
                        <Operation>1</Operation>
                    </Platform>
                </DeployClass>
                <DeployClass Name="AndroidLibnativeMipsFile">
                    <Platform Name="Android">
                        <RemoteDir>library\lib\mips</RemoteDir>
                        <Operation>1</Operation>
                    </Platform>
                    <Platform Name="Android64">
                        <RemoteDir>library\lib\mips</RemoteDir>
                        <Operation>1</Operation>
                    </Platform>
                </DeployClass>
                <DeployClass Name="AndroidServiceOutput">
                    <Platform Name="Android">
                        <RemoteDir>library\lib\armeabi-v7a</RemoteDir>
                        <Operation>1</Operation>
                    </Platform>
                    <Platform Name="Android64">
                        <RemoteDir>library\lib\arm64-v8a</RemoteDir>
                        <Operation>1</Operation>
                    </Platform>
                </DeployClass>
                <DeployClass Name="AndroidServiceOutput_Android32">
                    <Platform Name="Android64">
                        <RemoteDir>library\lib\armeabi-v7a</RemoteDir>
                        <Operation>1</Operation>
                    </Platform>
                </DeployClass>
                <DeployClass Name="AndroidSplashImageDef">
                    <Platform Name="Android">
                        <RemoteDir>res\drawable</RemoteDir>
                        <Operation>1</Operation>
                    </Platform>
                    <Platform Name="Android64">
                        <RemoteDir>res\drawable</RemoteDir>
                        <Operation>1</Operation>
                    </Platform>
                </DeployClass>
                <DeployClass Name="AndroidSplashStyles">
                    <Platform Name="Android">
                        <RemoteDir>res\values</RemoteDir>
                        <Operation>1</Operation>
                    </Platform>
                    <Platform Name="Android64">
                        <RemoteDir>res\values</RemoteDir>
                        <Operation>1</Operation>
                    </Platform>
                </DeployClass>
                <DeployClass Name="AndroidSplashStylesV21">
                    <Platform Name="Android">
                        <RemoteDir>res\values-v21</RemoteDir>
                        <Operation>1</Operation>
                    </Platform>
                    <Platform Name="Android64">
                        <RemoteDir>res\values-v21</RemoteDir>
                        <Operation>1</Operation>
                    </Platform>
                </DeployClass>
                <DeployClass Name="Android_Colors">
                    <Platform Name="Android">
                        <RemoteDir>res\values</RemoteDir>
                        <Operation>1</Operation>
                    </Platform>
                    <Platform Name="Android64">
                        <RemoteDir>res\values</RemoteDir>
                        <Operation>1</Operation>
                    </Platform>
                </DeployClass>
                <DeployClass Name="Android_DefaultAppIcon">
                    <Platform Name="Android">
                        <RemoteDir>res\drawable</RemoteDir>
                        <Operation>1</Operation>
                    </Platform>
                    <Platform Name="Android64">
                        <RemoteDir>res\drawable</RemoteDir>
                        <Operation>1</Operation>
                    </Platform>
                </DeployClass>
                <DeployClass Name="Android_LauncherIcon144">
                    <Platform Name="Android">
                        <RemoteDir>res\drawable-xxhdpi</RemoteDir>
                        <Operation>1</Operation>
                    </Platform>
                    <Platform Name="Android64">
                        <RemoteDir>res\drawable-xxhdpi</RemoteDir>
                        <Operation>1</Operation>
                    </Platform>
                </DeployClass>
                <DeployClass Name="Android_LauncherIcon36">
                    <Platform Name="Android">
                        <RemoteDir>res\drawable-ldpi</RemoteDir>
                        <Operation>1</Operation>
                    </Platform>
                    <Platform Name="Android64">
                        <RemoteDir>res\drawable-ldpi</RemoteDir>
                        <Operation>1</Operation>
                    </Platform>
                </DeployClass>
                <DeployClass Name="Android_LauncherIcon48">
                    <Platform Name="Android">
                        <RemoteDir>res\drawable-mdpi</RemoteDir>
                        <Operation>1</Operation>
                    </Platform>
                    <Platform Name="Android64">
                        <RemoteDir>res\drawable-mdpi</RemoteDir>
                        <Operation>1</Operation>
                    </Platform>
                </DeployClass>
                <DeployClass Name="Android_LauncherIcon72">
                    <Platform Name="Android">
                        <RemoteDir>res\drawable-hdpi</RemoteDir>
                        <Operation>1</Operation>
                    </Platform>
                    <Platform Name="Android64">
                        <RemoteDir>res\drawable-hdpi</RemoteDir>
                        <Operation>1</Operation>
                    </Platform>
                </DeployClass>
                <DeployClass Name="Android_LauncherIcon96">
                    <Platform Name="Android">
                        <RemoteDir>res\drawable-xhdpi</RemoteDir>
                        <Operation>1</Operation>
                    </Platform>
                    <Platform Name="Android64">
                        <RemoteDir>res\drawable-xhdpi</RemoteDir>
                        <Operation>1</Operation>
                    </Platform>
                </DeployClass>
                <DeployClass Name="Android_NotificationIcon24">
                    <Platform Name="Android">
                        <RemoteDir>res\drawable-mdpi</RemoteDir>
                        <Operation>1</Operation>
                    </Platform>
                    <Platform Name="Android64">
                        <RemoteDir>res\drawable-mdpi</RemoteDir>
                        <Operation>1</Operation>
                    </Platform>
                </DeployClass>
                <DeployClass Name="Android_NotificationIcon36">
                    <Platform Name="Android">
                        <RemoteDir>res\drawable-hdpi</RemoteDir>
                        <Operation>1</Operation>
                    </Platform>
                    <Platform Name="Android64">
                        <RemoteDir>res\drawable-hdpi</RemoteDir>
                        <Operation>1</Operation>
                    </Platform>
                </DeployClass>
                <DeployClass Name="Android_NotificationIcon48">
                    <Platform Name="Android">
                        <RemoteDir>res\drawable-xhdpi</RemoteDir>
                        <Operation>1</Operation>
                    </Platform>
                    <Platform Name="Android64">
                        <RemoteDir>res\drawable-xhdpi</RemoteDir>
                        <Operation>1</Operation>
                    </Platform>
                </DeployClass>
                <DeployClass Name="Android_NotificationIcon72">
                    <Platform Name="Android">
                        <RemoteDir>res\drawable-xxhdpi</RemoteDir>
                        <Operation>1</Operation>
                    </Platform>
                    <Platform Name="Android64">
                        <RemoteDir>res\drawable-xxhdpi</RemoteDir>
                        <Operation>1</Operation>
                    </Platform>
                </DeployClass>
                <DeployClass Name="Android_NotificationIcon96">
                    <Platform Name="Android">
                        <RemoteDir>res\drawable-xxxhdpi</RemoteDir>
                        <Operation>1</Operation>
                    </Platform>
                    <Platform Name="Android64">
                        <RemoteDir>res\drawable-xxxhdpi</RemoteDir>
                        <Operation>1</Operation>
                    </Platform>
                </DeployClass>
                <DeployClass Name="Android_SplashImage426">
                    <Platform Name="Android">
                        <RemoteDir>res\drawable-small</RemoteDir>
                        <Operation>1</Operation>
                    </Platform>
                    <Platform Name="Android64">
                        <RemoteDir>res\drawable-small</RemoteDir>
                        <Operation>1</Operation>
                    </Platform>
                </DeployClass>
                <DeployClass Name="Android_SplashImage470">
                    <Platform Name="Android">
                        <RemoteDir>res\drawable-normal</RemoteDir>
                        <Operation>1</Operation>
                    </Platform>
                    <Platform Name="Android64">
                        <RemoteDir>res\drawable-normal</RemoteDir>
                        <Operation>1</Operation>
                    </Platform>
                </DeployClass>
                <DeployClass Name="Android_SplashImage640">
                    <Platform Name="Android">
                        <RemoteDir>res\drawable-large</RemoteDir>
                        <Operation>1</Operation>
                    </Platform>
                    <Platform Name="Android64">
                        <RemoteDir>res\drawable-large</RemoteDir>
                        <Operation>1</Operation>
                    </Platform>
                </DeployClass>
                <DeployClass Name="Android_SplashImage960">
                    <Platform Name="Android">
                        <RemoteDir>res\drawable-xlarge</RemoteDir>
                        <Operation>1</Operation>
                    </Platform>
                    <Platform Name="Android64">
                        <RemoteDir>res\drawable-xlarge</RemoteDir>
                        <Operation>1</Operation>
                    </Platform>
                </DeployClass>
                <DeployClass Name="Android_Strings">
                    <Platform Name="Android">
                        <RemoteDir>res\values</RemoteDir>
                        <Operation>1</Operation>
                    </Platform>
                    <Platform Name="Android64">
                        <RemoteDir>res\values</RemoteDir>
                        <Operation>1</Operation>
                    </Platform>
                </DeployClass>
                <DeployClass Name="DebugSymbols">
                    <Platform Name="iOSSimulator">
                        <Operation>1</Operation>
                    </Platform>
                    <Platform Name="OSX32">
                        <RemoteDir>Contents\MacOS</RemoteDir>
                        <Operation>1</Operation>
                    </Platform>
                    <Platform Name="Win32">
                        <Operation>0</Operation>
                    </Platform>
                </DeployClass>
                <DeployClass Name="DependencyFramework">
                    <Platform Name="OSX32">
                        <RemoteDir>Contents\MacOS</RemoteDir>
                        <Operation>1</Operation>
                        <Extensions>.framework</Extensions>
                    </Platform>
                    <Platform Name="OSX64">
                        <RemoteDir>Contents\MacOS</RemoteDir>
                        <Operation>1</Operation>
                        <Extensions>.framework</Extensions>
                    </Platform>
                    <Platform Name="Win32">
                        <Operation>0</Operation>
                    </Platform>
                </DeployClass>
                <DeployClass Name="DependencyModule">
                    <Platform Name="iOSDevice32">
                        <Operation>1</Operation>
                        <Extensions>.dylib</Extensions>
                    </Platform>
                    <Platform Name="iOSDevice64">
                        <Operation>1</Operation>
                        <Extensions>.dylib</Extensions>
                    </Platform>
                    <Platform Name="iOSSimulator">
                        <Operation>1</Operation>
                        <Extensions>.dylib</Extensions>
                    </Platform>
                    <Platform Name="OSX32">
                        <RemoteDir>Contents\MacOS</RemoteDir>
                        <Operation>1</Operation>
                        <Extensions>.dylib</Extensions>
                    </Platform>
                    <Platform Name="OSX64">
                        <RemoteDir>Contents\MacOS</RemoteDir>
                        <Operation>1</Operation>
                        <Extensions>.dylib</Extensions>
                    </Platform>
                    <Platform Name="Win32">
                        <Operation>0</Operation>
                        <Extensions>.dll;.bpl</Extensions>
                    </Platform>
                </DeployClass>
                <DeployClass Required="true" Name="DependencyPackage">
                    <Platform Name="iOSDevice32">
                        <Operation>1</Operation>
                        <Extensions>.dylib</Extensions>
                    </Platform>
                    <Platform Name="iOSDevice64">
                        <Operation>1</Operation>
                        <Extensions>.dylib</Extensions>
                    </Platform>
                    <Platform Name="iOSSimulator">
                        <Operation>1</Operation>
                        <Extensions>.dylib</Extensions>
                    </Platform>
                    <Platform Name="OSX32">
                        <RemoteDir>Contents\MacOS</RemoteDir>
                        <Operation>1</Operation>
                        <Extensions>.dylib</Extensions>
                    </Platform>
                    <Platform Name="OSX64">
                        <RemoteDir>Contents\MacOS</RemoteDir>
                        <Operation>1</Operation>
                        <Extensions>.dylib</Extensions>
                    </Platform>
                    <Platform Name="Win32">
                        <Operation>0</Operation>
                        <Extensions>.bpl</Extensions>
                    </Platform>
                </DeployClass>
                <DeployClass Name="File">
                    <Platform Name="Android">
                        <Operation>0</Operation>
                    </Platform>
                    <Platform Name="Android64">
                        <Operation>0</Operation>
                    </Platform>
                    <Platform Name="iOSDevice32">
                        <Operation>0</Operation>
                    </Platform>
                    <Platform Name="iOSDevice64">
                        <Operation>0</Operation>
                    </Platform>
                    <Platform Name="iOSSimulator">
                        <Operation>0</Operation>
                    </Platform>
                    <Platform Name="OSX32">
                        <RemoteDir>Contents\Resources\StartUp\</RemoteDir>
                        <Operation>0</Operation>
                    </Platform>
                    <Platform Name="OSX64">
                        <RemoteDir>Contents\Resources\StartUp\</RemoteDir>
                        <Operation>0</Operation>
                    </Platform>
                    <Platform Name="Win32">
                        <Operation>0</Operation>
                    </Platform>
                </DeployClass>
                <DeployClass Name="iPad_Launch1024x768">
                    <Platform Name="iOSDevice32">
                        <Operation>1</Operation>
                    </Platform>
                    <Platform Name="iOSDevice64">
                        <Operation>1</Operation>
                    </Platform>
                    <Platform Name="iOSSimulator">
                        <Operation>1</Operation>
                    </Platform>
                </DeployClass>
                <DeployClass Name="iPad_Launch1536x2048">
                    <Platform Name="iOSDevice32">
                        <Operation>1</Operation>
                    </Platform>
                    <Platform Name="iOSDevice64">
                        <Operation>1</Operation>
                    </Platform>
                    <Platform Name="iOSSimulator">
                        <Operation>1</Operation>
                    </Platform>
                </DeployClass>
                <DeployClass Name="iPad_Launch1668">
                    <Platform Name="iOSDevice32">
                        <Operation>1</Operation>
                    </Platform>
                    <Platform Name="iOSDevice64">
                        <Operation>1</Operation>
                    </Platform>
                    <Platform Name="iOSSimulator">
                        <Operation>1</Operation>
                    </Platform>
                </DeployClass>
                <DeployClass Name="iPad_Launch1668x2388">
                    <Platform Name="iOSDevice32">
                        <Operation>1</Operation>
                    </Platform>
                    <Platform Name="iOSDevice64">
                        <Operation>1</Operation>
                    </Platform>
                    <Platform Name="iOSSimulator">
                        <Operation>1</Operation>
                    </Platform>
                </DeployClass>
                <DeployClass Name="iPad_Launch2048x1536">
                    <Platform Name="iOSDevice32">
                        <Operation>1</Operation>
                    </Platform>
                    <Platform Name="iOSDevice64">
                        <Operation>1</Operation>
                    </Platform>
                    <Platform Name="iOSSimulator">
                        <Operation>1</Operation>
                    </Platform>
                </DeployClass>
                <DeployClass Name="iPad_Launch2048x2732">
                    <Platform Name="iOSDevice32">
                        <Operation>1</Operation>
                    </Platform>
                    <Platform Name="iOSDevice64">
                        <Operation>1</Operation>
                    </Platform>
                    <Platform Name="iOSSimulator">
                        <Operation>1</Operation>
                    </Platform>
                </DeployClass>
                <DeployClass Name="iPad_Launch2224">
                    <Platform Name="iOSDevice32">
                        <Operation>1</Operation>
                    </Platform>
                    <Platform Name="iOSDevice64">
                        <Operation>1</Operation>
                    </Platform>
                    <Platform Name="iOSSimulator">
                        <Operation>1</Operation>
                    </Platform>
                </DeployClass>
                <DeployClass Name="iPad_Launch2388x1668">
                    <Platform Name="iOSDevice32">
                        <Operation>1</Operation>
                    </Platform>
                    <Platform Name="iOSDevice64">
                        <Operation>1</Operation>
                    </Platform>
                    <Platform Name="iOSSimulator">
                        <Operation>1</Operation>
                    </Platform>
                </DeployClass>
                <DeployClass Name="iPad_Launch2732x2048">
                    <Platform Name="iOSDevice32">
                        <Operation>1</Operation>
                    </Platform>
                    <Platform Name="iOSDevice64">
                        <Operation>1</Operation>
                    </Platform>
                    <Platform Name="iOSSimulator">
                        <Operation>1</Operation>
                    </Platform>
                </DeployClass>
                <DeployClass Name="iPad_Launch768x1024">
                    <Platform Name="iOSDevice32">
                        <Operation>1</Operation>
                    </Platform>
                    <Platform Name="iOSDevice64">
                        <Operation>1</Operation>
                    </Platform>
                    <Platform Name="iOSSimulator">
                        <Operation>1</Operation>
                    </Platform>
                </DeployClass>
                <DeployClass Name="iPhone_Launch1125">
                    <Platform Name="iOSDevice32">
                        <Operation>1</Operation>
                    </Platform>
                    <Platform Name="iOSDevice64">
                        <Operation>1</Operation>
                    </Platform>
                    <Platform Name="iOSSimulator">
                        <Operation>1</Operation>
                    </Platform>
                </DeployClass>
                <DeployClass Name="iPhone_Launch1136x640">
                    <Platform Name="iOSDevice32">
                        <Operation>1</Operation>
                    </Platform>
                    <Platform Name="iOSDevice64">
                        <Operation>1</Operation>
                    </Platform>
                    <Platform Name="iOSSimulator">
                        <Operation>1</Operation>
                    </Platform>
                </DeployClass>
                <DeployClass Name="iPhone_Launch1242">
                    <Platform Name="iOSDevice32">
                        <Operation>1</Operation>
                    </Platform>
                    <Platform Name="iOSDevice64">
                        <Operation>1</Operation>
                    </Platform>
                    <Platform Name="iOSSimulator">
                        <Operation>1</Operation>
                    </Platform>
                </DeployClass>
                <DeployClass Name="iPhone_Launch1242x2688">
                    <Platform Name="iOSDevice32">
                        <Operation>1</Operation>
                    </Platform>
                    <Platform Name="iOSDevice64">
                        <Operation>1</Operation>
                    </Platform>
                    <Platform Name="iOSSimulator">
                        <Operation>1</Operation>
                    </Platform>
                </DeployClass>
                <DeployClass Name="iPhone_Launch1334">
                    <Platform Name="iOSDevice32">
                        <Operation>1</Operation>
                    </Platform>
                    <Platform Name="iOSDevice64">
                        <Operation>1</Operation>
                    </Platform>
                    <Platform Name="iOSSimulator">
                        <Operation>1</Operation>
                    </Platform>
                </DeployClass>
                <DeployClass Name="iPhone_Launch1792">
                    <Platform Name="iOSDevice32">
                        <Operation>1</Operation>
                    </Platform>
                    <Platform Name="iOSDevice64">
                        <Operation>1</Operation>
                    </Platform>
                    <Platform Name="iOSSimulator">
                        <Operation>1</Operation>
                    </Platform>
                </DeployClass>
                <DeployClass Name="iPhone_Launch2208">
                    <Platform Name="iOSDevice32">
                        <Operation>1</Operation>
                    </Platform>
                    <Platform Name="iOSDevice64">
                        <Operation>1</Operation>
                    </Platform>
                    <Platform Name="iOSSimulator">
                        <Operation>1</Operation>
                    </Platform>
                </DeployClass>
                <DeployClass Name="iPhone_Launch2436">
                    <Platform Name="iOSDevice32">
                        <Operation>1</Operation>
                    </Platform>
                    <Platform Name="iOSDevice64">
                        <Operation>1</Operation>
                    </Platform>
                    <Platform Name="iOSSimulator">
                        <Operation>1</Operation>
                    </Platform>
                </DeployClass>
                <DeployClass Name="iPhone_Launch2688x1242">
                    <Platform Name="iOSDevice32">
                        <Operation>1</Operation>
                    </Platform>
                    <Platform Name="iOSDevice64">
                        <Operation>1</Operation>
                    </Platform>
                    <Platform Name="iOSSimulator">
                        <Operation>1</Operation>
                    </Platform>
                </DeployClass>
                <DeployClass Name="iPhone_Launch320">
                    <Platform Name="iOSDevice32">
                        <Operation>1</Operation>
                    </Platform>
                    <Platform Name="iOSDevice64">
                        <Operation>1</Operation>
                    </Platform>
                    <Platform Name="iOSSimulator">
                        <Operation>1</Operation>
                    </Platform>
                </DeployClass>
                <DeployClass Name="iPhone_Launch640">
                    <Platform Name="iOSDevice32">
                        <Operation>1</Operation>
                    </Platform>
                    <Platform Name="iOSDevice64">
                        <Operation>1</Operation>
                    </Platform>
                    <Platform Name="iOSSimulator">
                        <Operation>1</Operation>
                    </Platform>
                </DeployClass>
                <DeployClass Name="iPhone_Launch640x1136">
                    <Platform Name="iOSDevice32">
                        <Operation>1</Operation>
                    </Platform>
                    <Platform Name="iOSDevice64">
                        <Operation>1</Operation>
                    </Platform>
                    <Platform Name="iOSSimulator">
                        <Operation>1</Operation>
                    </Platform>
                </DeployClass>
                <DeployClass Name="iPhone_Launch750">
                    <Platform Name="iOSDevice32">
                        <Operation>1</Operation>
                    </Platform>
                    <Platform Name="iOSDevice64">
                        <Operation>1</Operation>
                    </Platform>
                    <Platform Name="iOSSimulator">
                        <Operation>1</Operation>
                    </Platform>
                </DeployClass>
                <DeployClass Name="iPhone_Launch828">
                    <Platform Name="iOSDevice32">
                        <Operation>1</Operation>
                    </Platform>
                    <Platform Name="iOSDevice64">
                        <Operation>1</Operation>
                    </Platform>
                    <Platform Name="iOSSimulator">
                        <Operation>1</Operation>
                    </Platform>
                </DeployClass>
                <DeployClass Name="ProjectAndroidManifest">
                    <Platform Name="Android">
                        <Operation>1</Operation>
                    </Platform>
                    <Platform Name="Android64">
                        <Operation>1</Operation>
                    </Platform>
                </DeployClass>
                <DeployClass Name="ProjectiOSDeviceDebug">
                    <Platform Name="iOSDevice32">
                        <RemoteDir>..\$(PROJECTNAME).app.dSYM\Contents\Resources\DWARF</RemoteDir>
                        <Operation>1</Operation>
                    </Platform>
                    <Platform Name="iOSDevice64">
                        <RemoteDir>..\$(PROJECTNAME).app.dSYM\Contents\Resources\DWARF</RemoteDir>
                        <Operation>1</Operation>
                    </Platform>
                </DeployClass>
                <DeployClass Name="ProjectiOSDeviceResourceRules">
                    <Platform Name="iOSDevice32">
                        <Operation>1</Operation>
                    </Platform>
                    <Platform Name="iOSDevice64">
                        <Operation>1</Operation>
                    </Platform>
                </DeployClass>
                <DeployClass Name="ProjectiOSEntitlements">
                    <Platform Name="iOSDevice32">
                        <RemoteDir>..\</RemoteDir>
                        <Operation>1</Operation>
                    </Platform>
                    <Platform Name="iOSDevice64">
                        <RemoteDir>..\</RemoteDir>
                        <Operation>1</Operation>
                    </Platform>
                </DeployClass>
                <DeployClass Name="ProjectiOSInfoPList">
                    <Platform Name="iOSDevice32">
                        <Operation>1</Operation>
                    </Platform>
                    <Platform Name="iOSDevice64">
                        <Operation>1</Operation>
                    </Platform>
                    <Platform Name="iOSSimulator">
                        <Operation>1</Operation>
                    </Platform>
                </DeployClass>
                <DeployClass Name="ProjectiOSResource">
                    <Platform Name="iOSDevice32">
                        <Operation>1</Operation>
                    </Platform>
                    <Platform Name="iOSDevice64">
                        <Operation>1</Operation>
                    </Platform>
                    <Platform Name="iOSSimulator">
                        <Operation>1</Operation>
                    </Platform>
                </DeployClass>
                <DeployClass Name="ProjectOSXDebug">
                    <Platform Name="OSX64">
                        <RemoteDir>..\$(PROJECTNAME).app.dSYM\Contents\Resources\DWARF</RemoteDir>
                        <Operation>1</Operation>
                    </Platform>
                </DeployClass>
                <DeployClass Name="ProjectOSXEntitlements">
                    <Platform Name="OSX32">
                        <RemoteDir>..\</RemoteDir>
                        <Operation>1</Operation>
                    </Platform>
                    <Platform Name="OSX64">
                        <RemoteDir>..\</RemoteDir>
                        <Operation>1</Operation>
                    </Platform>
                </DeployClass>
                <DeployClass Name="ProjectOSXInfoPList">
                    <Platform Name="OSX32">
                        <RemoteDir>Contents</RemoteDir>
                        <Operation>1</Operation>
                    </Platform>
                    <Platform Name="OSX64">
                        <RemoteDir>Contents</RemoteDir>
                        <Operation>1</Operation>
                    </Platform>
                </DeployClass>
                <DeployClass Name="ProjectOSXResource">
                    <Platform Name="OSX32">
                        <RemoteDir>Contents\Resources</RemoteDir>
                        <Operation>1</Operation>
                    </Platform>
                    <Platform Name="OSX64">
                        <RemoteDir>Contents\Resources</RemoteDir>
                        <Operation>1</Operation>
                    </Platform>
                </DeployClass>
                <DeployClass Required="true" Name="ProjectOutput">
                    <Platform Name="Android">
                        <RemoteDir>library\lib\armeabi-v7a</RemoteDir>
                        <Operation>1</Operation>
                    </Platform>
                    <Platform Name="Android64">
                        <RemoteDir>library\lib\arm64-v8a</RemoteDir>
                        <Operation>1</Operation>
                    </Platform>
                    <Platform Name="iOSDevice32">
                        <Operation>1</Operation>
                    </Platform>
                    <Platform Name="iOSDevice64">
                        <Operation>1</Operation>
                    </Platform>
                    <Platform Name="iOSSimulator">
                        <Operation>1</Operation>
                    </Platform>
                    <Platform Name="Linux64">
                        <Operation>1</Operation>
                    </Platform>
                    <Platform Name="OSX32">
                        <RemoteDir>Contents\MacOS</RemoteDir>
                        <Operation>1</Operation>
                    </Platform>
                    <Platform Name="OSX64">
                        <RemoteDir>Contents\MacOS</RemoteDir>
                        <Operation>1</Operation>
                    </Platform>
                    <Platform Name="Win32">
                        <Operation>0</Operation>
                    </Platform>
                </DeployClass>
                <DeployClass Name="ProjectOutput_Android32">
                    <Platform Name="Android64">
                        <RemoteDir>library\lib\armeabi-v7a</RemoteDir>
                        <Operation>1</Operation>
                    </Platform>
                </DeployClass>
                <DeployClass Name="ProjectUWPManifest">
                    <Platform Name="Win32">
                        <Operation>1</Operation>
                    </Platform>
                    <Platform Name="Win64">
                        <Operation>1</Operation>
                    </Platform>
                </DeployClass>
                <DeployClass Name="UWP_DelphiLogo150">
                    <Platform Name="Win32">
                        <RemoteDir>Assets</RemoteDir>
                        <Operation>1</Operation>
                    </Platform>
                    <Platform Name="Win64">
                        <RemoteDir>Assets</RemoteDir>
                        <Operation>1</Operation>
                    </Platform>
                </DeployClass>
                <DeployClass Name="UWP_DelphiLogo44">
                    <Platform Name="Win32">
                        <RemoteDir>Assets</RemoteDir>
                        <Operation>1</Operation>
                    </Platform>
                    <Platform Name="Win64">
                        <RemoteDir>Assets</RemoteDir>
                        <Operation>1</Operation>
                    </Platform>
                </DeployClass>
                <ProjectRoot Platform="iOSDevice64" Name="$(PROJECTNAME).app"/>
                <ProjectRoot Platform="Win64" Name="$(PROJECTNAME)"/>
                <ProjectRoot Platform="iOSDevice32" Name="$(PROJECTNAME).app"/>
                <ProjectRoot Platform="Linux64" Name="$(PROJECTNAME)"/>
                <ProjectRoot Platform="Win32" Name="$(PROJECTNAME)"/>
                <ProjectRoot Platform="OSX32" Name="$(PROJECTNAME).app"/>
                <ProjectRoot Platform="Android" Name="$(PROJECTNAME)"/>
                <ProjectRoot Platform="OSX64" Name="$(PROJECTNAME).app"/>
                <ProjectRoot Platform="iOSSimulator" Name="$(PROJECTNAME).app"/>
                <ProjectRoot Platform="Android64" Name="$(PROJECTNAME)"/>
            </Deployment>
            <Platforms>
                <Platform value="Win32">True</Platform>
            </Platforms>
            <ModelSupport>False</ModelSupport>
            <UnitTesting>
                <TestProjectName>C:\Users\Jeferson Brizola\Desktop\Projeto\Test\ProvaDelphiAppTests.dproj</TestProjectName>
            </UnitTesting>
        </BorlandProject>
        <ProjectFileVersion>12</ProjectFileVersion>
    </ProjectExtensions>
    <Import Project="$(BDS)\Bin\CodeGear.Delphi.Targets" Condition="Exists('$(BDS)\Bin\CodeGear.Delphi.Targets')"/>
    <Import Project="$(APPDATA)\Embarcadero\$(BDSAPPDATABASEDIR)\$(PRODUCTVERSION)\UserTools.proj" Condition="Exists('$(APPDATA)\Embarcadero\$(BDSAPPDATABASEDIR)\$(PRODUCTVERSION)\UserTools.proj')"/>
    <Import Project="$(MSBuildProjectName).deployproj" Condition="Exists('$(MSBuildProjectName).deployproj')"/>
</Project>
